{
  "projects": [
    {
      "projectId": "q8iq2J191QypeBqVSHzb6M",
      "version": "0.6.0",
      "dependencies": {},
      "lang": "js",
      "fileLocks": [
        {
          "assetId": "q8iq2J191QypeBqVSHzb6M",
          "type": "projectCss",
          "checksum": "e1ec850476829c38b0f9b6d4f7ac446a"
        }
      ],
      "codegenVersion": "0.0.1"
    },
    {
      "projectId": "jkU633o1Cz7HrJdwdxhVHk",
      "version": "16.10.0",
      "dependencies": {},
      "lang": "js",
      "fileLocks": [
        {
          "assetId": "jkU633o1Cz7HrJdwdxhVHk",
          "type": "projectCss",
          "checksum": "0581d4378bb1604bb5fe3f65bb0a37de"
        }
      ],
      "codegenVersion": "0.0.1"
    },
    {
      "projectId": "ohDidvG9XsCeFumugENU3J",
      "version": "6.24.0",
      "dependencies": {},
      "lang": "js",
      "fileLocks": [
        {
          "assetId": "ohDidvG9XsCeFumugENU3J",
          "type": "projectCss",
          "checksum": "fd83b730367fdbde2c69bc6cf31c2a3c"
        },
        {
          "assetId": "ohDidvG9XsCeFumugENU3J",
          "checksum": "de0a0e65174a6a185a8f822af51c6bdd",
          "type": "globalContexts"
        }
      ],
      "codegenVersion": "0.0.1"
    },
    {
      "projectId": "58GpZjZCWTaJ8AUhpCwt2K",
      "version": "3.25.0",
      "dependencies": {},
      "lang": "js",
      "fileLocks": [
        {
          "assetId": "58GpZjZCWTaJ8AUhpCwt2K",
          "type": "projectCss",
          "checksum": "fd84921cc10936e6ceb458c2ae01c4bd"
        }
      ],
      "codegenVersion": "0.0.1"
    },
    {
      "projectId": "7nJ7UcFmq9UzB6eXfC5z4a",
      "version": "0.28.0",
      "dependencies": {},
      "lang": "js",
      "fileLocks": [
        {
          "assetId": "7nJ7UcFmq9UzB6eXfC5z4a",
          "type": "projectCss",
          "checksum": "05587b57f22f0ec8bb54543deb39762e"
        }
      ],
      "codegenVersion": "0.0.1"
    },
    {
      "projectId": "djQLBAWjYFxMHog99o3R36",
      "version": "latest",
      "dependencies": {
        "7nJ7UcFmq9UzB6eXfC5z4a": "0.28.0",
        "58GpZjZCWTaJ8AUhpCwt2K": "3.25.0",
        "ohDidvG9XsCeFumugENU3J": "6.24.0",
        "jkU633o1Cz7HrJdwdxhVHk": "16.10.0",
        "q8iq2J191QypeBqVSHzb6M": "0.6.0"
      },
      "lang": "js",
      "fileLocks": [
        {
          "type": "globalVariant",
          "assetId": "Rj4zCiCcNB8f",
          "checksum": "8677b9ea32dcb0f964d958e037bf297f"
        },
        {
          "assetId": "djQLBAWjYFxMHog99o3R36",
          "type": "projectCss",
          "checksum": "90b5cdd6ec0a907534804cb43348742c"
        },
        {
          "assetId": "djQLBAWjYFxMHog99o3R36",
          "checksum": "2bf9ea103b66f4110bfd520c267baeff",
          "type": "globalContexts"
        },
        {
          "type": "renderModule",
          "assetId": "JJd4PM7C8DVI",
          "checksum": "7c3f7b224dd5ee3b2a87c83a6a63828f"
        },
        {
          "type": "cssRules",
          "assetId": "JJd4PM7C8DVI",
          "checksum": "7c3f7b224dd5ee3b2a87c83a6a63828f"
        },
        {
          "type": "renderModule",
          "assetId": "V4YJNGYKFFSb",
          "checksum": "aaf20ef8caa766fae15ef37632889e28"
        },
        {
          "type": "cssRules",
          "assetId": "V4YJNGYKFFSb",
          "checksum": "aaf20ef8caa766fae15ef37632889e28"
        },
        {
          "type": "renderModule",
          "assetId": "k5coaKxkMeOu",
          "checksum": "450045e520208cea8793a1b8426c7160"
        },
        {
          "type": "cssRules",
          "assetId": "k5coaKxkMeOu",
          "checksum": "450045e520208cea8793a1b8426c7160"
        },
        {
          "type": "renderModule",
          "assetId": "5x_aaNoDVuZj",
          "checksum": "c1fa530dbc5efccf06694162cd7a7b24"
        },
        {
          "type": "cssRules",
          "assetId": "5x_aaNoDVuZj",
          "checksum": "c1fa530dbc5efccf06694162cd7a7b24"
        },
        {
          "type": "renderModule",
          "assetId": "nyeuEVwaAa_s",
          "checksum": "75c86eaf5ad7e058a16482c993f8f2f0"
        },
        {
          "type": "cssRules",
          "assetId": "nyeuEVwaAa_s",
          "checksum": "75c86eaf5ad7e058a16482c993f8f2f0"
        },
        {
          "type": "renderModule",
          "assetId": "BDgbLU2mpL7n",
          "checksum": "8de73639c031e956f7bd2fcfdbec3f8c"
        },
        {
          "type": "cssRules",
          "assetId": "BDgbLU2mpL7n",
          "checksum": "8de73639c031e956f7bd2fcfdbec3f8c"
        },
        {
          "type": "renderModule",
          "assetId": "mrcSmKlJhkYr",
          "checksum": "c4ce15b01db9c10cb29fa49633f6acce"
        },
        {
          "type": "cssRules",
          "assetId": "mrcSmKlJhkYr",
          "checksum": "c4ce15b01db9c10cb29fa49633f6acce"
        },
        {
          "type": "renderModule",
          "assetId": "DLCHDWz61Hd-",
          "checksum": "dc75a40a14d718b84934fac49d231687"
        },
        {
          "type": "cssRules",
          "assetId": "DLCHDWz61Hd-",
          "checksum": "dc75a40a14d718b84934fac49d231687"
        },
        {
          "type": "renderModule",
          "assetId": "OV3oZRBmIMmD",
          "checksum": "109244f726f2b3888d262d06e9d70709"
        },
        {
          "type": "cssRules",
          "assetId": "OV3oZRBmIMmD",
          "checksum": "109244f726f2b3888d262d06e9d70709"
        },
        {
          "type": "renderModule",
          "assetId": "v3v955XS5PAh",
          "checksum": "3a6b8cc957414db9506c13be539842fc"
        },
        {
          "type": "cssRules",
          "assetId": "v3v955XS5PAh",
          "checksum": "3a6b8cc957414db9506c13be539842fc"
        },
        {
          "type": "renderModule",
          "assetId": "PSKXCWNFHlYg",
          "checksum": "559c72b633d8dd8967466ed9dbda5931"
        },
        {
          "type": "cssRules",
          "assetId": "PSKXCWNFHlYg",
          "checksum": "559c72b633d8dd8967466ed9dbda5931"
        },
        {
          "type": "icon",
          "assetId": "osKukr7pUoD1",
          "checksum": "988f34cfa2ed911a7ef48027b2bc8858"
        },
        {
          "type": "icon",
          "assetId": "dBmrK-jlZ7Ov",
          "checksum": "7e37003afe519c6c458ce91116624ed6"
        },
        {
          "type": "icon",
          "assetId": "tk11r7ySddIG",
          "checksum": "92a3b4f160e6d203db8585ffb70899b5"
        },
        {
          "type": "icon",
          "assetId": "vwUE-Sii3d6s",
          "checksum": "f53b542e31af1b1d9d7b94b6bdb45552"
        },
        {
          "type": "icon",
          "assetId": "ZR3tH0Wp2i3T",
          "checksum": "c74ac3ff85b6d62a3d03581e2273bb86"
        },
        {
          "type": "icon",
          "assetId": "gu3K-0J5Dh-9",
          "checksum": "5a28ef2d075b88ba5d48dca093d49c42"
        },
        {
          "type": "icon",
          "assetId": "TbGXsOmdLh_f",
          "checksum": "072ce298dc6c32ffd5082eaea87a41cf"
        },
        {
          "type": "icon",
          "assetId": "_ikmAafb_mop",
          "checksum": "99fe6aede9c0fa93ff2a35d001540970"
        },
        {
          "type": "icon",
          "assetId": "aLgZqWCmjvul",
          "checksum": "29a9464801db0a552d46b42a7c4a333b"
        },
        {
          "type": "icon",
          "assetId": "4t0o6Tab3D7A",
          "checksum": "01abcbd6f88163e1919d7b4172b87aae"
        },
        {
          "type": "image",
          "assetId": "ekUDNzNbuiqG",
          "checksum": "80cf71fb7c495cabf4dbb842119a5b10"
        },
        {
          "type": "image",
          "assetId": "DK25IB4QvRp2",
          "checksum": "2db63bbf4775f78c605ea33a5284365c"
        },
        {
          "type": "image",
          "assetId": "J34rlrhANh3x",
          "checksum": "7a6fbce16dfa076d0e594f91acf2f040"
        },
        {
          "type": "image",
          "assetId": "4smazJ_I0f4E",
          "checksum": "d8157889ea9232410afd3e5cf91e9248"
        },
        {
          "type": "image",
          "assetId": "H-ta14PSbb-V",
          "checksum": "d585c2b3ce0038357701ca4b52f7cd42"
        },
        {
          "type": "image",
          "assetId": "ACEqI2yxz0fL",
          "checksum": "cdc5e9baae2ddb2309f04c6096dd664b"
        },
        {
          "type": "image",
          "assetId": "V47EIep5zGA8",
          "checksum": "37f858399a5e99842b40a06d530fab4a"
        },
        {
          "type": "image",
          "assetId": "xlvMqcYkZCT0",
          "checksum": "648182d85762a6f9bfa8e7a2c1442dbf"
        },
        {
          "type": "image",
          "assetId": "QgdsfBEbpDra",
          "checksum": "fa8c661560d475c64ef9b18829de894e"
        },
        {
          "type": "image",
          "assetId": "JtXN8YKOImKI",
          "checksum": "039fe3fd8b78c8faee7ca407ae52b57e"
        },
        {
          "type": "image",
          "assetId": "X6nF0Wj5EndF",
          "checksum": "18682da109c8534166fb92fa6429b88d"
        },
        {
          "type": "image",
          "assetId": "R3M0BXg-xwe-",
          "checksum": "433db4ebd00bd60566880258ef690642"
        },
        {
          "type": "image",
          "assetId": "LthkGgdfzQ6J",
          "checksum": "c9a3ae5cd8d0b2d39f828da855fa4237"
        },
        {
          "type": "image",
          "assetId": "sv78vRD_bG21",
          "checksum": "40997702cef4625d3e3bca4dbbcbf195"
        },
        {
          "type": "image",
          "assetId": "aK4m60vKE_Kt",
          "checksum": "f5e64079c4846140974c8e8b027f085e"
        },
        {
          "type": "image",
          "assetId": "c9hXFOOLUyxv",
          "checksum": "3625f5524be1a329c72870abc2385d61"
        },
        {
          "type": "image",
          "assetId": "aCFLGMOTMkZT",
          "checksum": "b7eedfe2bec8440070335f5768d16579"
        },
        {
          "type": "image",
          "assetId": "KXQJPIW58xCC",
          "checksum": "26effc4bd0fe5d4a5550cf2af91b2597"
        },
        {
          "type": "image",
          "assetId": "aJ8-rXg4ssvL",
          "checksum": "bd22ef9d5ab7d89399fc9e4e8457d9d9"
        },
        {
          "type": "image",
          "assetId": "-Zy8ZAoB0cKl",
          "checksum": "4f685e6fecd887b52c8cccdf40cee3d0"
        },
        {
          "type": "image",
          "assetId": "L1IHEEXRO5Kf",
          "checksum": "4cbd1f72609c6e028b75dac20e1ecaa6"
        },
        {
          "type": "image",
          "assetId": "pDyIIm_sB41_",
          "checksum": "c9ccdb8789900ada6aba80d53c9ec889"
        },
        {
          "type": "image",
          "assetId": "VqmZo2vfCeEu",
          "checksum": "f4cf74ac3e0472c2fd3b07767ed32915"
        },
        {
          "type": "image",
          "assetId": "HzFy_vKrWkJR",
          "checksum": "35d3a6906fe6b53b316ea27a1dbd256c"
        },
        {
          "type": "image",
          "assetId": "a2IcLfPAvyNe",
          "checksum": "b47bf1369a58d3cf96c19d961e87a3dc"
        },
        {
          "type": "image",
          "assetId": "0--EaPzViJgC",
          "checksum": "4011a9b1eb01affed0752615aa6072f2"
        },
        {
          "type": "image",
          "assetId": "wejt2Xw8JCb4",
          "checksum": "bdb8fc929bd9536d8fa414dbe5a8c2d4"
        },
        {
          "type": "image",
          "assetId": "ZOaejVhEluy5",
          "checksum": "3ed66da3806be8c5e20d1edbbe5d9169"
        },
        {
          "type": "image",
          "assetId": "ScpApbseYVmb",
          "checksum": "01dc0c9c9058378c85d34df2acb87320"
        },
        {
          "type": "image",
          "assetId": "lhHLFXJmWGSo",
          "checksum": "6c0f38fb11548aceb9f9de193c2ecf9d"
        },
        {
          "type": "image",
          "assetId": "O0oWnvLKXniv",
          "checksum": "9d2fc121f4868a9e71111ab491d30ec6"
        },
        {
          "type": "image",
          "assetId": "bRj3PaOLN_-x",
          "checksum": "a2a3778be4f488483839d065e6517577"
        },
        {
          "type": "image",
          "assetId": "Iyf88oOB-l0Q",
          "checksum": "f0deb16bd489e4c1e969c152daebe76b"
        },
        {
          "type": "image",
          "assetId": "I6xT7rX-zlJG",
          "checksum": "2c00c798f0114b240e8421bfe07f2de5"
        },
        {
          "type": "image",
          "assetId": "bQX2qwkHlQth",
          "checksum": "aab590e7b1bebb20b868db86752f8133"
        },
        {
          "type": "image",
          "assetId": "3eMfoLnCA_KK",
          "checksum": "4557838524490e45f3f398f9eb0374d5"
        },
        {
          "type": "image",
          "assetId": "YEGuoz4DaTiy",
          "checksum": "2ef048e46f89358eaab8219372a8f214"
        },
        {
          "type": "image",
          "assetId": "LGV1Gd326SUf",
          "checksum": "b27b13283d5781bca0cca3d000cddf5e"
        },
        {
          "type": "image",
          "assetId": "BKr_pFQg052C",
          "checksum": "6ac8f1db30cd9c0a0d2ed36baf550104"
        },
        {
          "type": "image",
          "assetId": "xuehA1lSc8eZ",
          "checksum": "c2d1cffd33deeb1e2e2711785d83588c"
        },
        {
          "type": "image",
          "assetId": "0gqwlPfVJmnf",
          "checksum": "623a10d399d9eae22d4932adc1a6d14b"
        },
        {
          "type": "image",
          "assetId": "krNOTbVHZGnA",
          "checksum": "363c98f90d9e4f70876bb48bedb2d700"
        },
        {
          "type": "image",
          "assetId": "sTQ5sNHqtng7",
          "checksum": "b9de07b22537552371411494efe8c580"
        },
        {
          "type": "image",
          "assetId": "IJ5QmmZ_hKOH",
          "checksum": "3ece196de0609eea827cf9a41f4bf65f"
        }
      ],
      "codegenVersion": "0.0.1"
    }
  ],
  "cliVersion": "0.1.330"
}
